
Microsoft Visual Studio Solution File, Format Version 12.00
# Visual Studio Version 16
VisualStudioVersion = 16.0.30002.166
MinimumVisualStudioVersion = 10.0.40219.1
Project("{9A19103F-16F7-4668-BE54-9A1E7A4F7556}") = "RomanNumeralGenerator", "RomanNumeralGenerator\RomanNumeralGenerator.csproj", "{4BB56675-FF2C-4911-8C8E-8E2DE1B30A5C}"
EndProject
Project("{FAE04EC0-301F-11D3-BF4B-00C04F79EFBC}") = "UnitTests", "UnitTests\UnitTests.csproj", "{FC39DD19-8328-46BE-AB47-2001B98CF700}"
EndProject
Global
	GlobalSection(SolutionConfigurationPlatforms) = preSolution
		Debug|Any CPU = Debug|Any CPU
		Release|Any CPU = Release|Any CPU
	EndGlobalSection
	GlobalSection(ProjectConfigurationPlatforms) = postSolution
		{4BB56675-FF2C-4911-8C8E-8E2DE1B30A5C}.Debug|Any CPU.ActiveCfg = Debug|Any CPU
		{4BB56675-FF2C-4911-8C8E-8E2DE1B30A5C}.Debug|Any CPU.Build.0 = Debug|Any CPU
		{4BB56675-FF2C-4911-8C8E-8E2DE1B30A5C}.Release|Any CPU.ActiveCfg = Release|Any CPU
		{4BB56675-FF2C-4911-8C8E-8E2DE1B30A5C}.Release|Any CPU.Build.0 = Release|Any CPU
		{FC39DD19-8328-46BE-AB47-2001B98CF700}.Debug|Any CPU.ActiveCfg = Debug|Any CPU
		{FC39DD19-8328-46BE-AB47-2001B98CF700}.Debug|Any CPU.Build.0 = Debug|Any CPU
		{FC39DD19-8328-46BE-AB47-2001B98CF700}.Release|Any CPU.ActiveCfg = Release|Any CPU
		{FC39DD19-8328-46BE-AB47-2001B98CF700}.Release|Any CPU.Build.0 = Release|Any CPU
	EndGlobalSection
	GlobalSection(SolutionProperties) = preSolution
		HideSolutionNode = FALSE
	EndGlobalSection
	GlobalSection(ExtensibilityGlobals) = postSolution
		SolutionGuid = {14F84CBE-487E-4275-B24B-418D38641AC0}
	EndGlobalSection
EndGlobal
